Microsoft Visual Studio Solution File, Format Version 12.00
# Visual Studio Version 17
VisualStudioVersion = 17.5.2.0
MinimumVisualStudioVersion = 10.0.40219.1
Project("{FAE04EC0-301F-11D3-BF4B-00C04F79EFBC}") = "HelloWorldWeb", "HelloWorldWeb.csproj", "{F74504EE-3541-BA2B-48E8-6756AA0BEC14}"
EndProject
Global
	GlobalSection(SolutionConfigurationPlatforms) = preSolution
		Debug|Any CPU = Debug|Any CPU
		Release|Any CPU = Release|Any CPU
	EndGlobalSection
	GlobalSection(ProjectConfigurationPlatforms) = postSolution
		{F74504EE-3541-BA2B-48E8-6756AA0BEC14}.Debug|Any CPU.ActiveCfg = Debug|Any CPU
		{F74504EE-3541-BA2B-48E8-6756AA0BEC14}.Debug|Any CPU.Build.0 = Debug|Any CPU
		{F74504EE-3541-BA2B-48E8-6756AA0BEC14}.Release|Any CPU.ActiveCfg = Release|Any CPU
		{F74504EE-3541-BA2B-48E8-6756AA0BEC14}.Release|Any CPU.Build.0 = Release|Any CPU
	EndGlobalSection
	GlobalSection(SolutionProperties) = preSolution
		HideSolutionNode = FALSE
	EndGlobalSection
	GlobalSection(ExtensibilityGlobals) = postSolution
		SolutionGuid = {3419707A-37FD-4581-9D42-D508ED3532EF}
	EndGlobalSection
EndGlobal
